{
  "name": "bpmnator",
  "version": "1.0.0",
  "lockfileVersion": 3,
  "requires": true,
  "packages": {
    "": {
      "name": "bpmnator",
      "version": "1.0.0",
      "license": "BSD-3-Clause",
      "dependencies": {
        "bpmn-auto-layout": "^1.3.0",
        "fs": "0.0.1-security",
        "js-yaml": "^4.1.1",
        "xmlbuilder2": "^4.0.3"
      },
      "bin": {
        "bpmnator": "dist/bin/bpmnator.js"
      },
      "devDependencies": {
        "@types/js-yaml": "^4.0.4",
        "@types/node": "^22.0.0",
        "typescript": "^5.8.2"
      },
      "engines": {
        "node": ">=20.12"
      }
    },
    "node_modules/@oozcitak/dom": {
      "version": "2.0.2",
      "resolved": "https://registry.npmjs.org/@oozcitak/dom/-/dom-2.0.2.tgz",
      "integrity": "sha512-GjpKhkSYC3Mj4+lfwEyI1dqnsKTgwGy48ytZEhm4A/xnH/8z9M3ZVXKr/YGQi3uCLs1AEBS+x5T2JPiueEDW8w==",
      "dependencies": {
        "@oozcitak/infra": "^2.0.2",
        "@oozcitak/url": "^3.0.0",
        "@oozcitak/util": "^10.0.0"
      },
      "engines": {
        "node": ">=20.0"
      }
    },
    "node_modules/@oozcitak/infra": {
      "version": "2.0.2",
      "resolved": "https://registry.npmjs.org/@oozcitak/infra/-/infra-2.0.2.tgz",
      "integrity": "sha512-2g+E7hoE2dgCz/APPOEK5s3rMhJvNxSMBrP+U+j1OWsIbtSpWxxlUjq1lU8RIsFJNYv7NMlnVsCuHcUzJW+8vA==",
      "dependencies": {
        "@oozcitak/util": "^10.0.0"
      },
      "engines": {
        "node": ">=20.0"
      }
    },
    "node_modules/@oozcitak/url": {
      "version": "3.0.0",
      "resolved": "https://registry.npmjs.org/@oozcitak/url/-/url-3.0.0.tgz",
      "integrity": "sha512-ZKfET8Ak1wsLAiLWNfFkZc/BraDccuTJKR6svTYc7sVjbR+Iu0vtXdiDMY4o6jaFl5TW2TlS7jbLl4VovtAJWQ==",
      "dependencies": {
        "@oozcitak/infra": "^2.0.2",
        "@oozcitak/util": "^10.0.0"
      },
      "engines": {
        "node": ">=20.0"
      }
    },
    "node_modules/@oozcitak/util": {
      "version": "10.0.0",
      "resolved": "https://registry.npmjs.org/@oozcitak/util/-/util-10.0.0.tgz",
      "integrity": "sha512-hAX0pT/73190NLqBPPWSdBVGtbY6VOhWYK3qqHqtXQ1gK7kS2yz4+ivsN07hpJ6I3aeMtKP6J6npsEKOAzuTLA==",
      "engines": {
        "node": ">=20.0"
      }
    },
    "node_modules/@types/js-yaml": {
      "version": "4.0.4",
      "resolved": "https://registry.npmjs.org/@types/js-yaml/-/js-yaml-4.0.4.tgz",
      "integrity": "sha512-AuHubXUmg0AzkXH0Mx6sIxeY/1C110mm/EkE/gB1sTRz3h2dao2W/63q42SlVST+lICxz5Oki2hzYA6+KnnieQ==",
      "dev": true
    },
    "node_modules/@types/node": {
      "version": "22.20.5",
      "resolved": "https://registry.npmjs.org/@types/node/-/node-22.20.5.tgz",
      "integrity": "sha512-U2+DNr+wSjpsTS/wZGYHq7GcwfuSmKiKvoPvK22zwTlRhU91yOniN4qRR5KhIjvif7ysw/dz/hKmfDH0Ris4aA==",
      "dev": true,
      "license": "MIT",
      "dependencies": {
        "undici-types": "~6.21.0"
      }
    },
    "node_modules/argparse": {
      "version": "2.0.1",
      "resolved": "https://registry.npmjs.org/argparse/-/argparse-2.0.1.tgz",
      "integrity": "sha512-8+9WqebbFzpX9OR+Wa6O29asIogeRMzcGtAINdpMHHyAg10f05aSFVBbcEqGf/PXw1EjAZ+q2/bEBg3DvurK3Q=="
    },
    "node_modules/bpmn-auto-layout": {
      "version": "1.3.0",
      "resolved": "https://registry.npmjs.org/bpmn-auto-layout/-/bpmn-auto-layout-1.3.0.tgz",
      "integrity": "sha512-ufjMy1MaaZxkQF7f2wY6EL6TnRMSFr/r9eBhp0QvS41UHXW77aQVt65+dn2MmVMlHdyvZyOMNYXO2qYpgX6bQA==",
      "dependencies": {
        "bpmn-moddle": "^10.0.0",
        "min-dash": "^5.0.0"
      },
      "engines": {
        "node": ">= 18"
      }
    },
    "node_modules/bpmn-moddle": {
      "version": "10.3.1",
      "resolved": "https://registry.npmjs.org/bpmn-moddle/-/bpmn-moddle-10.3.1.tgz",
      "integrity": "sha512-xjJ8GzseRkjjM0MX/rODVB6iv+rhGLt8FCHJIovLAjJsDEAUjITfyiJZYczJ4pp3wmesbY3sQR7eRT+q5uroVA==",
      "dependencies": {
        "min-dash": "^5.1.0",
        "moddle": "^8.2.1",
        "moddle-xml": "^12.3.1"
      }
    },
    "node_modules/fs": {
      "version": "0.0.1-security",
      "resolved": "https://registry.npmjs.org/fs/-/fs-0.0.1-security.tgz",
      "integrity": "sha1-invTcYa23d84E/I4WLV+yq9eQdQ="
    },
    "node_modules/js-yaml": {
      "version": "4.3.2",
      "resolved": "https://registry.npmjs.org/js-yaml/-/js-yaml-4.3.2.tgz",
      "integrity": "sha512-SFNOvSJ+Dgf/9An904Yx+CgSlIPCkIpao4qo51lpee25TIRejdH3rhR4EZMGoNx3/TP3O+wzWuiTFl4sqbltzA==",
      "funding": [
        {
          "type": "github",
          "url": "https://github.com/sponsors/puzrin"
        },
        {
          "type": "github",
          "url": "https://github.com/sponsors/nodeca"
        }
      ],
      "dependencies": {
        "argparse": "^2.0.1"
      },
      "bin": {
        "js-yaml": "bin/js-yaml.js"
      }
    },
    "node_modules/min-dash": {
      "version": "5.1.0",
      "resolved": "https://registry.npmjs.org/min-dash/-/min-dash-5.1.0.tgz",
      "integrity": "sha512-HAvN6XzmCQj+js43G9sJRRw8kj/7DvoxN7qhoIN9Xo5ZN1NMljtpyKs/NunXmw0QSWwlgZzNv6tLeEa4xaZ0tg=="
    },
    "node_modules/moddle": {
      "version": "8.2.1",
      "resolved": "https://registry.npmjs.org/moddle/-/moddle-8.2.1.tgz",
      "integrity": "sha512-20qzO/ZpMGO9j9gdQgXk9bfGxb9wA3JKnGth/21YZKODLrZE4RW/uVMIL5pTskYm34Z61DucBEPkq93qByNsBQ==",
      "dependencies": {
        "min-dash": "^5.1.0"
      }
    },
    "node_modules/moddle-xml": {
      "version": "12.3.1",
      "resolved": "https://registry.npmjs.org/moddle-xml/-/moddle-xml-12.3.1.tgz",
      "integrity": "sha512-XbAQDWCG2ZRch3odmQigJ4GwTqrOVBx0+JHEAgdw0U3MkBsWa9LAbO//S5RPdYMcRO87E63r/R/I3CoMef6ncA==",
      "dependencies": {
        "min-dash": "^5.1.0",
        "saxen": "^11.2.0"
      },
      "engines": {
        "node": ">= 18"
      },
      "peerDependencies": {
        "moddle": ">= 6.2.0"
      }
    },
    "node_modules/saxen": {
      "version": "11.2.0",
      "resolved": "https://registry.npmjs.org/saxen/-/saxen-11.2.0.tgz",
      "integrity": "sha512-2bG564AAJcm/3vyZC0Uhs/mACrH+4AHMaKHKAB2M5xMqomUZa27FQ7MYaQGFKVcJk/MVzSEQ34A8QZWW+eiWEw==",
      "engines": {
        "node": ">= 20.12"
      }
    },
    "node_modules/typescript": {
      "version": "5.8.2",
      "resolved": "https://registry.npmjs.org/typescript/-/typescript-5.8.2.tgz",
      "integrity": "sha512-aJn6wq13/afZp/jT9QZmwEjDqqvSGp1VT5GVg+f/t6/oVyrgXM6BY1h9BRh/O5p3PlUPAe+WuiEZOmb/49RqoQ==",
      "dev": true,
      "bin": {
        "tsc": "bin/tsc",
        "tsserver": "bin/tsserver"
      },
      "engines": {
        "node": ">=14.17"
      }
    },
    "node_modules/undici-types": {
      "version": "6.21.0",
      "resolved": "https://registry.npmjs.org/undici-types/-/undici-types-6.21.0.tgz",
      "integrity": "sha512-iwDZqg0QAGrg9Rav5H4n0M64c3mkR59cJ6wQp+7C4nI0gsmExaedaYLNO44eT4AtBBwjbTiGPMlt2Md0T9H9JQ==",
      "dev": true,
      "license": "MIT"
    },
    "node_modules/xmlbuilder2": {
      "version": "4.0.3",
      "resolved": "https://registry.npmjs.org/xmlbuilder2/-/xmlbuilder2-4.0.3.tgz",
      "integrity": "sha512-bx8Q1STctnNaaDymWnkfQLKofs0mGNN7rLLapJlGuV3VlvegD7Ls4ggMjE3aUSWItCCzU0PEv45lI87iSigiCA==",
      "dependencies": {
        "@oozcitak/dom": "^2.0.2",
        "@oozcitak/infra": "^2.0.2",
        "@oozcitak/util": "^10.0.0",
        "js-yaml": "^4.1.1"
      },
      "engines": {
        "node": ">=20.0"
      }
    }
  }
}
